{
  "pins" : [
    {
      "identity" : "jsonsafeencoder-swift",
      "kind" : "remoteSourceControl",
      "location" : "https://github.com/vcapillaTW/jsonsafeencoder-swift.git",
      "state" : {
        "branch" : "main",
        "revision" : "1a57dc61f18658947165850e2c0f51bf4be2af9c"
      }
    },
    {
      "identity" : "sovran-swift",
      "kind" : "remoteSourceControl",
      "location" : "https://github.com/vcapillaTW/Sovran-Swift.git",
      "state" : {
        "branch" : "main",
        "revision" : "f4c35ce1d634f04df6bd785547d395b3c06d76d9"
      }
    }
  ],
  "version" : 2
}
